// !$*UTF8*$!
{
	archiveVersion = 1;
	classes = {
	};
	objectVersion = 46;
	objects = {

/* Begin PBXBuildFile section */
		22CEECF11BA3D7630085EF20 /* main.m in Sources */ = {isa = PBXBuildFile; fileRef = 22CEECF01BA3D7630085EF20 /* main.m */; };
		22CEECF41BA3D7630085EF20 /* AppDelegate.m in Sources */ = {isa = PBXBuildFile; fileRef = 22CEECF31BA3D7630085EF20 /* AppDelegate.m */; };
		22CEECF71BA3D7630085EF20 /* ViewController.m in Sources */ = {isa = PBXBuildFile; fileRef = 22CEECF61BA3D7630085EF20 /* ViewController.m */; };
		22CEECFA1BA3D7630085EF20 /* Main.storyboard in Resources */ = {isa = PBXBuildFile; fileRef = 22CEECF81BA3D7630085EF20 /* Main.storyboard */; };
		22CEECFC1BA3D7630085EF20 /* Images.xcassets in Resources */ = {isa = PBXBuildFile; fileRef = 22CEECFB1BA3D7630085EF20 /* Images.xcassets */; };
		22CEECFF1BA3D7630085EF20 /* LaunchScreen.xib in Resources */ = {isa = PBXBuildFile; fileRef = 22CEECFD1BA3D7630085EF20 /* LaunchScreen.xib */; };
		22CEED0B1BA3D7630085EF20 /* runloopTestTests.m in Sources */ = {isa = PBXBuildFile; fileRef = 22CEED0A1BA3D7630085EF20 /* runloopTestTests.m */; };
		22CEED191BA413600085EF20 /* SCCustomThread.m in Sources */ = {isa = PBXBuildFile; fileRef = 22CEED181BA413600085EF20 /* SCCustomThread.m */; };
/* End PBXBuildFile section */

/* Begin PBXContainerItemProxy section */
		22CEED051BA3D7630085EF20 /* PBXContainerItemProxy */ = {
			isa = PBXContainerItemProxy;
			containerPortal = 22CEECE31BA3D7630085EF20 /* Project object */;
			proxyType = 1;
			remoteGlobalIDString = 22CEECEA1BA3D7630085EF20;
			remoteInfo = runloopTest;
		};
/* End PBXContainerItemProxy section */

/* Begin PBXFileReference section */
		22CEECEB1BA3D7630085EF20 /* runloopTest.app */ = {isa = PBXFileReference; explicitFileType = wrapper.application; includeInIndex = 0; path = runloopTest.app; sourceTree = BUILT_PRODUCTS_DIR; };
		22CEECEF1BA3D7630085EF20 /* Info.plist */ = {isa = PBXFileReference; lastKnownFileType = text.plist.xml; path = Info.plist; sourceTree = "<group>"; };
		22CEECF01BA3D7630085EF20 /* main.m */ = {isa = PBXFileReference; lastKnownFileType = sourcecode.c.objc; path = main.m; sourceTree = "<group>"; };
		22CEECF21BA3D7630085EF20 /* AppDelegate.h */ = {isa = PBXFileReference; lastKnownFileType = sourcecode.c.h; path = AppDelegate.h; sourceTree = "<group>"; };
		22CEECF31BA3D7630085EF20 /* AppDelegate.m */ = {isa = PBXFileReference; lastKnownFileType = sourcecode.c.objc; path = AppDelegate.m; sourceTree = "<group>"; };
		22CEECF51BA3D7630085EF20 /* ViewController.h */ = {isa = PBXFileReference; lastKnownFileType = sourcecode.c.h; path = ViewController.h; sourceTree = "<group>"; };
		22CEECF61BA3D7630085EF20 /* ViewController.m */ = {isa = PBXFileReference; lastKnownFileType = sourcecode.c.objc; path = ViewController.m; sourceTree = "<group>"; };
		22CEECF91BA3D7630085EF20 /* Base */ = {isa = PBXFileReference; lastKnownFileType = file.storyboard; name = Base; path = Base.lproj/Main.storyboard; sourceTree = "<group>"; };
		22CEECFB1BA3D7630085EF20 /* Images.xcassets */ = {isa = PBXFileReference; lastKnownFileType = folder.assetcatalog; path = Images.xcassets; sourceTree = "<group>"; };
		22CEECFE1BA3D7630085EF20 /* Base */ = {isa = PBXFileReference; lastKnownFileType = file.xib; name = Base; path = Base.lproj/LaunchScreen.xib; sourceTree = "<group>"; };
		22CEED041BA3D7630085EF20 /* runloopTestTests.xctest */ = {isa = PBXFileReference; explicitFileType = wrapper.cfbundle; includeInIndex = 0; path = runloopTestTests.xctest; sourceTree = BUILT_PRODUCTS_DIR; };
		22CEED091BA3D7630085EF20 /* Info.plist */ = {isa = PBXFileReference; lastKnownFileType = text.plist.xml; path = Info.plist; sourceTree = "<group>"; };
		22CEED0A1BA3D7630085EF20 /* runloopTestTests.m */ = {isa = PBXFileReference; lastKnownFileType = sourcecode.c.objc; path = runloopTestTests.m; sourceTree = "<group>"; };
		22CEED171BA413600085EF20 /* SCCustomThread.h */ = {isa = PBXFileReference; fileEncoding = 4; lastKnownFileType = sourcecode.c.h; path = SCCustomThread.h; sourceTree = "<group>"; };
		22CEED181BA413600085EF20 /* SCCustomThread.m */ = {isa = PBXFileReference; fileEncoding = 4; lastKnownFileType = sourcecode.c.objc; path = SCCustomThread.m; sourceTree = "<group>"; };
/* End PBXFileReference section */

/* Begin PBXFrameworksBuildPhase section */
		22CEECE81BA3D7630085EF20 /* Frameworks */ = {
			isa = PBXFrameworksBuildPhase;
			buildActionMask = 2147483647;
			files = (
			);
			runOnlyForDeploymentPostprocessing = 0;
		};
		22CEED011BA3D7630085EF20 /* Frameworks */ = {
			isa = PBXFrameworksBuildPhase;
			buildActionMask = 2147483647;
			files = (
			);
			runOnlyForDeploymentPostprocessing = 0;
		};
/* End PBXFrameworksBuildPhase section */

/* Begin PBXGroup section */
		22CEECE21BA3D7630085EF20 = {
			isa = PBXGroup;
			children = (
				22CEECED1BA3D7630085EF20 /* runloopTest */,
				22CEED071BA3D7630085EF20 /* runloopTestTests */,
				22CEECEC1BA3D7630085EF20 /* Products */,
			);
			sourceTree = "<group>";
		};
		22CEECEC1BA3D7630085EF20 /* Products */ = {
			isa = PBXGroup;
			children = (
				22CEECEB1BA3D7630085EF20 /* runloopTest.app */,
				22CEED041BA3D7630085EF20 /* runloopTestTests.xctest */,
			);
			name = Products;
			sourceTree = "<group>";
		};
		22CEECED1BA3D7630085EF20 /* runloopTest */ = {
			isa = PBXGroup;
			children = (
				22CEECF21BA3D7630085EF20 /* AppDelegate.h */,
				22CEECF31BA3D7630085EF20 /* AppDelegate.m */,
				22CEECF51BA3D7630085EF20 /* ViewController.h */,
				22CEECF61BA3D7630085EF20 /* ViewController.m */,
				22CEECF81BA3D7630085EF20 /* Main.storyboard */,
				22CEECFB1BA3D7630085EF20 /* Images.xcassets */,
				22CEECFD1BA3D7630085EF20 /* LaunchScreen.xib */,
				22CEECEE1BA3D7630085EF20 /* Supporting Files */,
				22CEED171BA413600085EF20 /* SCCustomThread.h */,
				22CEED181BA413600085EF20 /* SCCustomThread.m */,
			);
			path = runloopTest;
			sourceTree = "<group>";
		};
		22CEECEE1BA3D7630085EF20 /* Supporting Files */ = {
			isa = PBXGroup;
			children = (
				22CEECEF1BA3D7630085EF20 /* Info.plist */,
				22CEECF01BA3D7630085EF20 /* main.m */,
			);
			name = "Supporting Files";
			sourceTree = "<group>";
		};
		22CEED071BA3D7630085EF20 /* runloopTestTests */ = {
			isa = PBXGroup;
			children = (
				22CEED0A1BA3D7630085EF20 /* runloopTestTests.m */,
				22CEED081BA3D7630085EF20 /* Supporting Files */,
			);
			path = runloopTestTests;
			sourceTree = "<group>";
		};
		22CEED081BA3D7630085EF20 /* Supporting Files */ = {
			isa = PBXGroup;
			children = (
				22CEED091BA3D7630085EF20 /* Info.plist */,
			);
			name = "Supporting Files";
			sourceTree = "<group>";
		};
/* End PBXGroup section */

/* Begin PBXNativeTarget section */
		22CEECEA1BA3D7630085EF20 /* runloopTest */ = {
			isa = PBXNativeTarget;
			buildConfigurationList = 22CEED0E1BA3D7630085EF20 /* Build configuration list for PBXNativeTarget "runloopTest" */;
			buildPhases = (
				22CEECE71BA3D7630085EF20 /* Sources */,
				22CEECE81BA3D7630085EF20 /* Frameworks */,
				22CEECE91BA3D7630085EF20 /* Resources */,
			);
			buildRules = (
			);
			dependencies = (
			);
			name = runloopTest;
			productName = runloopTest;
			productReference = 22CEECEB1BA3D7630085EF20 /* runloopTest.app */;
			productType = "com.apple.product-type.application";
		};
		22CEED031BA3D7630085EF20 /* runloopTestTests */ = {
			isa = PBXNativeTarget;
			buildConfigurationList = 22CEED111BA3D7630085EF20 /* Build configuration list for PBXNativeTarget "runloopTestTests" */;
			buildPhases = (
				22CEED001BA3D7630085EF20 /* Sources */,
				22CEED011BA3D7630085EF20 /* Frameworks */,
				22CEED021BA3D7630085EF20 /* Resources */,
			);
			buildRules = (
			);
			dependencies = (
				22CEED061BA3D7630085EF20 /* PBXTargetDependency */,
			);
			name = runloopTestTests;
			productName = runloopTestTests;
			productReference = 22CEED041BA3D7630085EF20 /* runloopTestTests.xctest */;
			productType = "com.apple.product-type.bundle.unit-test";
		};
/* End PBXNativeTarget section */

/* Begin PBXProject section */
		22CEECE31BA3D7630085EF20 /* Project object */ = {
			isa = PBXProject;
			attributes = {
				LastUpgradeCheck = 0630;
				ORGANIZATIONNAME = "chen Yuheng";
				TargetAttributes = {
					22CEECEA1BA3D7630085EF20 = {
						CreatedOnToolsVersion = 6.3;
					};
					22CEED031BA3D7630085EF20 = {
						CreatedOnToolsVersion = 6.3;
						TestTargetID = 22CEECEA1BA3D7630085EF20;
					};
				};
			};
			buildConfigurationList = 22CEECE61BA3D7630085EF20 /* Build configuration list for PBXProject "runloopTest" */;
			compatibilityVersion = "Xcode 3.2";
			developmentRegion = English;
			hasScannedForEncodings = 0;
			knownRegions = (
				en,
				Base,
			);
			mainGroup = 22CEECE21BA3D7630085EF20;
			productRefGroup = 22CEECEC1BA3D7630085EF20 /* Products */;
			projectDirPath = "";
			projectRoot = "";
			targets = (
				22CEECEA1BA3D7630085EF20 /* runloopTest */,
				22CEED031BA3D7630085EF20 /* runloopTestTests */,
			);
		};
/* End PBXProject section */

/* Begin PBXResourcesBuildPhase section */
		22CEECE91BA3D7630085EF20 /* Resources */ = {
			isa = PBXResourcesBuildPhase;
			buildActionMask = 2147483647;
			files = (
				22CEECFA1BA3D7630085EF20 /* Main.storyboard in Resources */,
				22CEECFF1BA3D7630085EF20 /* LaunchScreen.xib in Resources */,
				22CEECFC1BA3D7630085EF20 /* Images.xcassets in Resources */,
			);
			runOnlyForDeploymentPostprocessing = 0;
		};
		22CEED021BA3D7630085EF20 /* Resources */ = {
			isa = PBXResourcesBuildPhase;
			buildActionMask = 2147483647;
			files = (
			);
			runOnlyForDeploymentPostprocessing = 0;
		};
/* End PBXResourcesBuildPhase section */

/* Begin PBXSourcesBuildPhase section */
		22CEECE71BA3D7630085EF20 /* Sources */ = {
			isa = PBXSourcesBuildPhase;
			buildActionMask = 2147483647;
			files = (
				22CEED191BA413600085EF20 /* SCCustomThread.m in Sources */,
				22CEECF71BA3D7630085EF20 /* ViewController.m in Sources */,
				22CEECF41BA3D7630085EF20 /* AppDelegate.m in Sources */,
				22CEECF11BA3D7630085EF20 /* main.m in Sources */,
			);
			runOnlyForDeploymentPostprocessing = 0;
		};
		22CEED001BA3D7630085EF20 /* Sources */ = {
			isa = PBXSourcesBuildPhase;
			buildActionMask = 2147483647;
			files = (
				22CEED0B1BA3D7630085EF20 /* runloopTestTests.m in Sources */,
			);
			runOnlyForDeploymentPostprocessing = 0;
		};
/* End PBXSourcesBuildPhase section */

/* Begin PBXTargetDependency section */
		22CEED061BA3D7630085EF20 /* PBXTargetDependency */ = {
			isa = PBXTargetDependency;
			target = 22CEECEA1BA3D7630085EF20 /* runloopTest */;
			targetProxy = 22CEED051BA3D7630085EF20 /* PBXContainerItemProxy */;
		};
/* End PBXTargetDependency section */

/* Begin PBXVariantGroup section */
		22CEECF81BA3D7630085EF20 /* Main.storyboard */ = {
			isa = PBXVariantGroup;
			children = (
				22CEECF91BA3D7630085EF20 /* Base */,
			);
			name = Main.storyboard;
			sourceTree = "<group>";
		};
		22CEECFD1BA3D7630085EF20 /* LaunchScreen.xib */ = {
			isa = PBXVariantGroup;
			children = (
				22CEECFE1BA3D7630085EF20 /* Base */,
			);
			name = LaunchScreen.xib;
			sourceTree = "<group>";
		};
/* End PBXVariantGroup section */

/* Begin XCBuildConfiguration section */
		22CEED0C1BA3D7630085EF20 /* Debug */ = {
			isa = XCBuildConfiguration;
			buildSettings = {
				ALWAYS_SEARCH_USER_PATHS = NO;
				CLANG_CXX_LANGUAGE_STANDARD = "gnu++0x";
				CLANG_CXX_LIBRARY = "libc++";
				CLANG_ENABLE_MODULES = YES;
				CLANG_ENABLE_OBJC_ARC = YES;
				CLANG_WARN_BOOL_CONVERSION = YES;
				CLANG_WARN_CONSTANT_CONVERSION = YES;
				CLANG_WARN_DIRECT_OBJC_ISA_USAGE = YES_ERROR;
				CLANG_WARN_EMPTY_BODY = YES;
				CLANG_WARN_ENUM_CONVERSION = YES;
				CLANG_WARN_INT_CONVERSION = YES;
				CLANG_WARN_OBJC_ROOT_CLASS = YES_ERROR;
				CLANG_WARN_UNREACHABLE_CODE = YES;
				CLANG_WARN__DUPLICATE_METHOD_MATCH = YES;
				"CODE_SIGN_IDENTITY[sdk=iphoneos*]" = "iPhone Developer";
				COPY_PHASE_STRIP = NO;
				DEBUG_INFORMATION_FORMAT = "dwarf-with-dsym";
				ENABLE_STRICT_OBJC_MSGSEND = YES;
				GCC_C_LANGUAGE_STANDARD = gnu99;
				GCC_DYNAMIC_NO_PIC = NO;
				GCC_NO_COMMON_BLOCKS = YES;
				GCC_OPTIMIZATION_LEVEL = 0;
				GCC_PREPROCESSOR_DEFINITIONS = (
					"DEBUG=1",
					"$(inherited)",
				);
				GCC_SYMBOLS_PRIVATE_EXTERN = NO;
				GCC_WARN_64_TO_32_BIT_CONVERSION = YES;
				GCC_WARN_ABOUT_RETURN_TYPE = YES_ERROR;
				GCC_WARN_UNDECLARED_SELECTOR = YES;
				GCC_WARN_UNINITIALIZED_AUTOS = YES_AGGRESSIVE;
				GCC_WARN_UNUSED_FUNCTION = YES;
				GCC_WARN_UNUSED_VARIABLE = YES;
				IPHONEOS_DEPLOYMENT_TARGET = 8.3;
				MTL_ENABLE_DEBUG_INFO = YES;
				ONLY_ACTIVE_ARCH = YES;
				SDKROOT = iphoneos;
			};
			name = Debug;
		};
		22CEED0D1BA3D7630085EF20 /* Release */ = {
			isa = XCBuildConfiguration;
			buildSettings = {
				ALWAYS_SEARCH_USER_PATHS = NO;
				CLANG_CXX_LANGUAGE_STANDARD = "gnu++0x";
				CLANG_CXX_LIBRARY = "libc++";
				CLANG_ENABLE_MODULES = YES;
				CLANG_ENABLE_OBJC_ARC = YES;
				CLANG_WARN_BOOL_CONVERSION = YES;
				CLANG_WARN_CONSTANT_CONVERSION = YES;
				CLANG_WARN_DIRECT_OBJC_ISA_USAGE = YES_ERROR;
				CLANG_WARN_EMPTY_BODY = YES;
				CLANG_WARN_ENUM_CONVERSION = YES;
				CLANG_WARN_INT_CONVERSION = YES;
				CLANG_WARN_OBJC_ROOT_CLASS = YES_ERROR;
				CLANG_WARN_UNREACHABLE_CODE = YES;
				CLANG_WARN__DUPLICATE_METHOD_MATCH = YES;
				"CODE_SIGN_IDENTITY[sdk=iphoneos*]" = "iPhone Developer";
				COPY_PHASE_STRIP = NO;
				DEBUG_INFORMATION_FORMAT = "dwarf-with-dsym";
				ENABLE_NS_ASSERTIONS = NO;
				ENABLE_STRICT_OBJC_MSGSEND = YES;
				GCC_C_LANGUAGE_STANDARD = gnu99;
				GCC_NO_COMMON_BLOCKS = YES;
				GCC_WARN_64_TO_32_BIT_CONVERSION = YES;
				GCC_WARN_ABOUT_RETURN_TYPE = YES_ERROR;
				GCC_WARN_UNDECLARED_SELECTOR = YES;
				GCC_WARN_UNINITIALIZED_AUTOS = YES_AGGRESSIVE;
				GCC_WARN_UNUSED_FUNCTION = YES;
				GCC_WARN_UNUSED_VARIABLE = YES;
				IPHONEOS_DEPLOYMENT_TARGET = 8.3;
				MTL_ENABLE_DEBUG_INFO = NO;
				SDKROOT = iphoneos;
				VALIDATE_PRODUCT = YES;
			};
			name = Release;
		};
		22CEED0F1BA3D7630085EF20 /* Debug */ = {
			isa = XCBuildConfiguration;
			buildSettings = {
				ASSETCATALOG_COMPILER_APPICON_NAME = AppIcon;
				INFOPLIST_FILE = runloopTest/Info.plist;
				LD_RUNPATH_SEARCH_PATHS = "$(inherited) @executable_path/Frameworks";
				PRODUCT_NAME = "$(TARGET_NAME)";
			};
			name = Debug;
		};
		22CEED101BA3D7630085EF20 /* Release */ = {
			isa = XCBuildConfiguration;
			buildSettings = {
				ASSETCATALOG_COMPILER_APPICON_NAME = AppIcon;
				INFOPLIST_FILE = runloopTest/Info.plist;
				LD_RUNPATH_SEARCH_PATHS = "$(inherited) @executable_path/Frameworks";
				PRODUCT_NAME = "$(TARGET_NAME)";
			};
			name = Release;
		};
		22CEED121BA3D7630085EF20 /* Debug */ = {
			isa = XCBuildConfiguration;
			buildSettings = {
				BUNDLE_LOADER = "$(TEST_HOST)";
				FRAMEWORK_SEARCH_PATHS = (
					"$(SDKROOT)/Developer/Library/Frameworks",
					"$(inherited)",
				);
				GCC_PREPROCESSOR_DEFINITIONS = (
					"DEBUG=1",
					"$(inherited)",
				);
				INFOPLIST_FILE = runloopTestTests/Info.plist;
				LD_RUNPATH_SEARCH_PATHS = "$(inherited) @executable_path/Frameworks @loader_path/Frameworks";
				PRODUCT_NAME = "$(TARGET_NAME)";
				TEST_HOST = "$(BUILT_PRODUCTS_DIR)/runloopTest.app/runloopTest";
			};
			name = Debug;
		};
		22CEED131BA3D7630085EF20 /* Release */ = {
			isa = XCBuildConfiguration;
			buildSettings = {
				BUNDLE_LOADER = "$(TEST_HOST)";
				FRAMEWORK_SEARCH_PATHS = (
					"$(SDKROOT)/Developer/Library/Frameworks",
					"$(inherited)",
				);
				INFOPLIST_FILE = runloopTestTests/Info.plist;
				LD_RUNPATH_SEARCH_PATHS = "$(inherited) @executable_path/Frameworks @loader_path/Frameworks";
				PRODUCT_NAME = "$(TARGET_NAME)";
				TEST_HOST = "$(BUILT_PRODUCTS_DIR)/runloopTest.app/runloopTest";
			};
			name = Release;
		};
/* End XCBuildConfiguration section */

/* Begin XCConfigurationList section */
		22CEECE61BA3D7630085EF20 /* Build configuration list for PBXProject "runloopTest" */ = {
			isa = XCConfigurationList;
			buildConfigurations = (
				22CEED0C1BA3D7630085EF20 /* Debug */,
				22CEED0D1BA3D7630085EF20 /* Release */,
			);
			defaultConfigurationIsVisible = 0;
			defaultConfigurationName = Release;
		};
		22CEED0E1BA3D7630085EF20 /* Build configuration list for PBXNativeTarget "runloopTest" */ = {
			isa = XCConfigurationList;
			buildConfigurations = (
				22CEED0F1BA3D7630085EF20 /* Debug */,
				22CEED101BA3D7630085EF20 /* Release */,
			);
			defaultConfigurationIsVisible = 0;
		};
		22CEED111BA3D7630085EF20 /* Build configuration list for PBXNativeTarget "runloopTestTests" */ = {
			isa = XCConfigurationList;
			buildConfigurations = (
				22CEED121BA3D7630085EF20 /* Debug */,
				22CEED131BA3D7630085EF20 /* Release */,
			);
			defaultConfigurationIsVisible = 0;
		};
/* End XCConfigurationList section */
	};
	rootObject = 22CEECE31BA3D7630085EF20 /* Project object */;
}
